
Microsoft Visual Studio Solution File, Format Version 12.00
Project("{FAE04EC0-301F-11D3-BF4B-00C04F79EFBC}") = "GestionBrasserie", "GestionBrasserie\GestionBrasserie.csproj", "{90D2AC2C-D4CE-4C47-98BD-D78F2E1F0984}"
EndProject
Global
	GlobalSection(SolutionConfigurationPlatforms) = preSolution
		Debug|Any CPU = Debug|Any CPU
		Release|Any CPU = Release|Any CPU
	EndGlobalSection
	GlobalSection(ProjectConfigurationPlatforms) = postSolution
		{90D2AC2C-D4CE-4C47-98BD-D78F2E1F0984}.Debug|Any CPU.ActiveCfg = Debug|Any CPU
		{90D2AC2C-D4CE-4C47-98BD-D78F2E1F0984}.Debug|Any CPU.Build.0 = Debug|Any CPU
		{90D2AC2C-D4CE-4C47-98BD-D78F2E1F0984}.Release|Any CPU.ActiveCfg = Release|Any CPU
		{90D2AC2C-D4CE-4C47-98BD-D78F2E1F0984}.Release|Any CPU.Build.0 = Release|Any CPU
	EndGlobalSection
EndGlobal
